{
  "name": "Netflix-Clone-Project",
  "lockfileVersion": 3,
  "requires": true,
  "packages": {
    "": {
      "dependencies": {
        "movie": "^1.0.1",
        "trailer": "^0.10.0"
      }
    },
    "node_modules/movie": {
      "version": "1.0.1",
      "resolved": "https://registry.npmjs.org/movie/-/movie-1.0.1.tgz",
      "integrity": "sha512-Un8Kb3vjNZW2NYO6HWt8pA+oil+Jj+Ckjr/44fX79o9wnf7y9J7d0+WfasF/vvaseYZfS35eNmz3+hxnS/rySw==",
      "license": "UTn"
    },
    "node_modules/trailer": {
      "version": "0.10.0",
      "resolved": "https://registry.npmjs.org/trailer/-/trailer-0.10.0.tgz",
      "integrity": "sha512-MB8R/vxVH0f5GSd+htwzMSMYPHEn4uEhED8zIDT5oO3fmbRpqW+y69xGLp2P0HHt0UNsPNg6zpDU6MKUKEd8hw==",
      "license": "MIT"
    }
  }
}
